// !$*UTF8*$!
{
	archiveVersion = 1;
	classes = {
	};
	objectVersion = 46;
	objects = {

/* Begin PBXBuildFile section */
		8516B7D8EF7864D4A398B8C3 /* libPods.a in Frameworks */ = {isa = PBXBuildFile; fileRef = 51E7CD53C8077C6D46177C3B /* libPods.a */; };
		C92B00581A4D59010044FA8E /* main.m in Sources */ = {isa = PBXBuildFile; fileRef = C92B00571A4D59010044FA8E /* main.m */; };
		C92B005B1A4D59010044FA8E /* AppDelegate.m in Sources */ = {isa = PBXBuildFile; fileRef = C92B005A1A4D59010044FA8E /* AppDelegate.m */; };
		C92B00611A4D59010044FA8E /* Main.storyboard in Resources */ = {isa = PBXBuildFile; fileRef = C92B005F1A4D59010044FA8E /* Main.storyboard */; };
		C92B00631A4D59010044FA8E /* Images.xcassets in Resources */ = {isa = PBXBuildFile; fileRef = C92B00621A4D59010044FA8E /* Images.xcassets */; };
		C92B00661A4D59010044FA8E /* LaunchScreen.xib in Resources */ = {isa = PBXBuildFile; fileRef = C92B00641A4D59010044FA8E /* LaunchScreen.xib */; };
		C92B00721A4D59010044FA8E /* WenluTests.m in Sources */ = {isa = PBXBuildFile; fileRef = C92B00711A4D59010044FA8E /* WenluTests.m */; };
		C92B007F1A4D5B0C0044FA8E /* MapCamViewController.m in Sources */ = {isa = PBXBuildFile; fileRef = C92B007C1A4D5B0C0044FA8E /* MapCamViewController.m */; };
		C92B00801A4D5B0C0044FA8E /* MenuViewController.m in Sources */ = {isa = PBXBuildFile; fileRef = C92B007E1A4D5B0C0044FA8E /* MenuViewController.m */; };
		C92B00831A4D5B310044FA8E /* AVCamPreviewView.m in Sources */ = {isa = PBXBuildFile; fileRef = C92B00821A4D5B310044FA8E /* AVCamPreviewView.m */; };
		C92B00891A4D6FCF0044FA8E /* AVCamViewController.m in Sources */ = {isa = PBXBuildFile; fileRef = C92B00881A4D6FCF0044FA8E /* AVCamViewController.m */; };
		C92B008E1A4DB22D0044FA8E /* SearchPOI.m in Sources */ = {isa = PBXBuildFile; fileRef = C92B008D1A4DB22D0044FA8E /* SearchPOI.m */; };
		C92B00941A4E9B690044FA8E /* location_no@2x.png in Resources */ = {isa = PBXBuildFile; fileRef = C92B00911A4E9B690044FA8E /* location_no@2x.png */; };
		C92B00951A4E9B690044FA8E /* location_yes@2x.png in Resources */ = {isa = PBXBuildFile; fileRef = C92B00921A4E9B690044FA8E /* location_yes@2x.png */; };
		C92B00961A4E9B690044FA8E /* search@2x.png in Resources */ = {isa = PBXBuildFile; fileRef = C92B00931A4E9B690044FA8E /* search@2x.png */; };
		C92B009D1A4FE15D0044FA8E /* PlaceOfInterest.m in Sources */ = {isa = PBXBuildFile; fileRef = C92B009C1A4FE15D0044FA8E /* PlaceOfInterest.m */; };
		C92B00A01A4FE1F90044FA8E /* ARView.m in Sources */ = {isa = PBXBuildFile; fileRef = C92B009F1A4FE1F90044FA8E /* ARView.m */; };
		C92B00A21A4FEBC60044FA8E /* Restautant.png in Resources */ = {isa = PBXBuildFile; fileRef = C92B00A11A4FEBC60044FA8E /* Restautant.png */; };
		C92B00B51A4FF0B80044FA8E /* events.plist in Resources */ = {isa = PBXBuildFile; fileRef = C92B00AC1A4FF0B80044FA8E /* events.plist */; };
		C92B00B71A4FF12B0044FA8E /* Hotel.png in Resources */ = {isa = PBXBuildFile; fileRef = C92B00B61A4FF12B0044FA8E /* Hotel.png */; };
		C92B00B91A4FF1630044FA8E /* Market.png in Resources */ = {isa = PBXBuildFile; fileRef = C92B00B81A4FF1630044FA8E /* Market.png */; };
		C92B00BB1A4FF1BE0044FA8E /* KTV.png in Resources */ = {isa = PBXBuildFile; fileRef = C92B00BA1A4FF1BE0044FA8E /* KTV.png */; };
		C92B00BE1A4FF6D40044FA8E /* Cell.m in Sources */ = {isa = PBXBuildFile; fileRef = C92B00BD1A4FF6D40044FA8E /* Cell.m */; };
/* End PBXBuildFile section */

/* Begin PBXContainerItemProxy section */
		C92B006C1A4D59010044FA8E /* PBXContainerItemProxy */ = {
			isa = PBXContainerItemProxy;
			containerPortal = C92B004A1A4D59010044FA8E /* Project object */;
			proxyType = 1;
			remoteGlobalIDString = C92B00511A4D59010044FA8E;
			remoteInfo = Wenlu;
		};
/* End PBXContainerItemProxy section */

/* Begin PBXFileReference section */
		41A01B22B536A28878D18501 /* Pods.release.xcconfig */ = {isa = PBXFileReference; includeInIndex = 1; lastKnownFileType = text.xcconfig; name = Pods.release.xcconfig; path = "Pods/Target Support Files/Pods/Pods.release.xcconfig"; sourceTree = "<group>"; };
		51E7CD53C8077C6D46177C3B /* libPods.a */ = {isa = PBXFileReference; explicitFileType = archive.ar; includeInIndex = 0; path = libPods.a; sourceTree = BUILT_PRODUCTS_DIR; };
		6C47B9C19AD110A066445DCA /* Pods.debug.xcconfig */ = {isa = PBXFileReference; includeInIndex = 1; lastKnownFileType = text.xcconfig; name = Pods.debug.xcconfig; path = "Pods/Target Support Files/Pods/Pods.debug.xcconfig"; sourceTree = "<group>"; };
		C92B00521A4D59010044FA8E /* Wenlu.app */ = {isa = PBXFileReference; explicitFileType = wrapper.application; includeInIndex = 0; path = Wenlu.app; sourceTree = BUILT_PRODUCTS_DIR; };
		C92B00561A4D59010044FA8E /* Info.plist */ = {isa = PBXFileReference; lastKnownFileType = text.plist.xml; path = Info.plist; sourceTree = "<group>"; };
		C92B00571A4D59010044FA8E /* main.m */ = {isa = PBXFileReference; lastKnownFileType = sourcecode.c.objc; path = main.m; sourceTree = "<group>"; };
		C92B00591A4D59010044FA8E /* AppDelegate.h */ = {isa = PBXFileReference; lastKnownFileType = sourcecode.c.h; path = AppDelegate.h; sourceTree = "<group>"; };
		C92B005A1A4D59010044FA8E /* AppDelegate.m */ = {isa = PBXFileReference; lastKnownFileType = sourcecode.c.objc; path = AppDelegate.m; sourceTree = "<group>"; };
		C92B00601A4D59010044FA8E /* Base */ = {isa = PBXFileReference; lastKnownFileType = file.storyboard; name = Base; path = Base.lproj/Main.storyboard; sourceTree = "<group>"; };
		C92B00621A4D59010044FA8E /* Images.xcassets */ = {isa = PBXFileReference; lastKnownFileType = folder.assetcatalog; path = Images.xcassets; sourceTree = "<group>"; };
		C92B00651A4D59010044FA8E /* Base */ = {isa = PBXFileReference; lastKnownFileType = file.xib; name = Base; path = Base.lproj/LaunchScreen.xib; sourceTree = "<group>"; };
		C92B006B1A4D59010044FA8E /* WenluTests.xctest */ = {isa = PBXFileReference; explicitFileType = wrapper.cfbundle; includeInIndex = 0; path = WenluTests.xctest; sourceTree = BUILT_PRODUCTS_DIR; };
		C92B00701A4D59010044FA8E /* Info.plist */ = {isa = PBXFileReference; lastKnownFileType = text.plist.xml; path = Info.plist; sourceTree = "<group>"; };
		C92B00711A4D59010044FA8E /* WenluTests.m */ = {isa = PBXFileReference; lastKnownFileType = sourcecode.c.objc; path = WenluTests.m; sourceTree = "<group>"; };
		C92B007B1A4D5B0C0044FA8E /* MapCamViewController.h */ = {isa = PBXFileReference; fileEncoding = 4; lastKnownFileType = sourcecode.c.h; path = MapCamViewController.h; sourceTree = "<group>"; };
		C92B007C1A4D5B0C0044FA8E /* MapCamViewController.m */ = {isa = PBXFileReference; fileEncoding = 4; lastKnownFileType = sourcecode.c.objc; path = MapCamViewController.m; sourceTree = "<group>"; };
		C92B007D1A4D5B0C0044FA8E /* MenuViewController.h */ = {isa = PBXFileReference; fileEncoding = 4; lastKnownFileType = sourcecode.c.h; path = MenuViewController.h; sourceTree = "<group>"; };
		C92B007E1A4D5B0C0044FA8E /* MenuViewController.m */ = {isa = PBXFileReference; fileEncoding = 4; lastKnownFileType = sourcecode.c.objc; path = MenuViewController.m; sourceTree = "<group>"; };
		C92B00811A4D5B310044FA8E /* AVCamPreviewView.h */ = {isa = PBXFileReference; fileEncoding = 4; lastKnownFileType = sourcecode.c.h; path = AVCamPreviewView.h; sourceTree = "<group>"; };
		C92B00821A4D5B310044FA8E /* AVCamPreviewView.m */ = {isa = PBXFileReference; fileEncoding = 4; lastKnownFileType = sourcecode.c.objc; path = AVCamPreviewView.m; sourceTree = "<group>"; };
		C92B00871A4D6FCF0044FA8E /* AVCamViewController.h */ = {isa = PBXFileReference; fileEncoding = 4; lastKnownFileType = sourcecode.c.h; path = AVCamViewController.h; sourceTree = "<group>"; };
		C92B00881A4D6FCF0044FA8E /* AVCamViewController.m */ = {isa = PBXFileReference; fileEncoding = 4; lastKnownFileType = sourcecode.c.objc; path = AVCamViewController.m; sourceTree = "<group>"; };
		C92B008C1A4DB22D0044FA8E /* SearchPOI.h */ = {isa = PBXFileReference; fileEncoding = 4; lastKnownFileType = sourcecode.c.h; name = SearchPOI.h; path = Model/SearchPOI.h; sourceTree = "<group>"; };
		C92B008D1A4DB22D0044FA8E /* SearchPOI.m */ = {isa = PBXFileReference; fileEncoding = 4; lastKnownFileType = sourcecode.c.objc; name = SearchPOI.m; path = Model/SearchPOI.m; sourceTree = "<group>"; };
		C92B00911A4E9B690044FA8E /* location_no@2x.png */ = {isa = PBXFileReference; lastKnownFileType = image.png; path = "location_no@2x.png"; sourceTree = "<group>"; };
		C92B00921A4E9B690044FA8E /* location_yes@2x.png */ = {isa = PBXFileReference; lastKnownFileType = image.png; path = "location_yes@2x.png"; sourceTree = "<group>"; };
		C92B00931A4E9B690044FA8E /* search@2x.png */ = {isa = PBXFileReference; lastKnownFileType = image.png; path = "search@2x.png"; sourceTree = "<group>"; };
		C92B009B1A4FE15D0044FA8E /* PlaceOfInterest.h */ = {isa = PBXFileReference; fileEncoding = 4; lastKnownFileType = sourcecode.c.h; path = PlaceOfInterest.h; sourceTree = "<group>"; };
		C92B009C1A4FE15D0044FA8E /* PlaceOfInterest.m */ = {isa = PBXFileReference; fileEncoding = 4; lastKnownFileType = sourcecode.c.objc; path = PlaceOfInterest.m; sourceTree = "<group>"; };
		C92B009E1A4FE1F90044FA8E /* ARView.h */ = {isa = PBXFileReference; fileEncoding = 4; lastKnownFileType = sourcecode.c.h; path = ARView.h; sourceTree = "<group>"; };
		C92B009F1A4FE1F90044FA8E /* ARView.m */ = {isa = PBXFileReference; fileEncoding = 4; lastKnownFileType = sourcecode.c.objc; path = ARView.m; sourceTree = "<group>"; };
		C92B00A11A4FEBC60044FA8E /* Restautant.png */ = {isa = PBXFileReference; lastKnownFileType = image.png; name = Restautant.png; path = ../Resource/Restautant.png; sourceTree = "<group>"; };
		C92B00AC1A4FF0B80044FA8E /* events.plist */ = {isa = PBXFileReference; fileEncoding = 4; lastKnownFileType = text.plist.xml; path = events.plist; sourceTree = "<group>"; };
		C92B00B61A4FF12B0044FA8E /* Hotel.png */ = {isa = PBXFileReference; lastKnownFileType = image.png; path = Hotel.png; sourceTree = "<group>"; };
		C92B00B81A4FF1630044FA8E /* Market.png */ = {isa = PBXFileReference; lastKnownFileType = image.png; path = Market.png; sourceTree = "<group>"; };
		C92B00BA1A4FF1BE0044FA8E /* KTV.png */ = {isa = PBXFileReference; lastKnownFileType = image.png; path = KTV.png; sourceTree = "<group>"; };
		C92B00BC1A4FF6D40044FA8E /* Cell.h */ = {isa = PBXFileReference; fileEncoding = 4; lastKnownFileType = sourcecode.c.h; name = Cell.h; path = Cell/Cell.h; sourceTree = "<group>"; };
		C92B00BD1A4FF6D40044FA8E /* Cell.m */ = {isa = PBXFileReference; fileEncoding = 4; lastKnownFileType = sourcecode.c.objc; name = Cell.m; path = Cell/Cell.m; sourceTree = "<group>"; };
/* End PBXFileReference section */

/* Begin PBXFrameworksBuildPhase section */
		C92B004F1A4D59010044FA8E /* Frameworks */ = {
			isa = PBXFrameworksBuildPhase;
			buildActionMask = 2147483647;
			files = (
				8516B7D8EF7864D4A398B8C3 /* libPods.a in Frameworks */,
			);
			runOnlyForDeploymentPostprocessing = 0;
		};
		C92B00681A4D59010044FA8E /* Frameworks */ = {
			isa = PBXFrameworksBuildPhase;
			buildActionMask = 2147483647;
			files = (
			);
			runOnlyForDeploymentPostprocessing = 0;
		};
/* End PBXFrameworksBuildPhase section */

/* Begin PBXGroup section */
		C147D129C421D79C934AA7F7 /* Pods */ = {
			isa = PBXGroup;
			children = (
				6C47B9C19AD110A066445DCA /* Pods.debug.xcconfig */,
				41A01B22B536A28878D18501 /* Pods.release.xcconfig */,
			);
			name = Pods;
			sourceTree = "<group>";
		};
		C92B00491A4D59010044FA8E = {
			isa = PBXGroup;
			children = (
				C92B00541A4D59010044FA8E /* Wenlu */,
				C92B006E1A4D59010044FA8E /* WenluTests */,
				C92B00531A4D59010044FA8E /* Products */,
				C147D129C421D79C934AA7F7 /* Pods */,
				E447DA33EB0E34DB1EDB36D8 /* Frameworks */,
			);
			sourceTree = "<group>";
		};
		C92B00531A4D59010044FA8E /* Products */ = {
			isa = PBXGroup;
			children = (
				C92B00521A4D59010044FA8E /* Wenlu.app */,
				C92B006B1A4D59010044FA8E /* WenluTests.xctest */,
			);
			name = Products;
			sourceTree = "<group>";
		};
		C92B00541A4D59010044FA8E /* Wenlu */ = {
			isa = PBXGroup;
			children = (
				C92B00A31A4FF0B80044FA8E /* Map_Pic */,
				C92B00901A4E9B690044FA8E /* Resource */,
				C92B008F1A4DB23D0044FA8E /* Model */,
				C92B008A1A4D72600044FA8E /* ViewController */,
				C92B008B1A4D727A0044FA8E /* View */,
				C92B00551A4D59010044FA8E /* Supporting Files */,
			);
			path = Wenlu;
			sourceTree = "<group>";
		};
		C92B00551A4D59010044FA8E /* Supporting Files */ = {
			isa = PBXGroup;
			children = (
				C92B00561A4D59010044FA8E /* Info.plist */,
				C92B00571A4D59010044FA8E /* main.m */,
				C92B00591A4D59010044FA8E /* AppDelegate.h */,
				C92B005A1A4D59010044FA8E /* AppDelegate.m */,
				C92B00621A4D59010044FA8E /* Images.xcassets */,
				C92B00641A4D59010044FA8E /* LaunchScreen.xib */,
				C92B005F1A4D59010044FA8E /* Main.storyboard */,
			);
			name = "Supporting Files";
			sourceTree = "<group>";
		};
		C92B006E1A4D59010044FA8E /* WenluTests */ = {
			isa = PBXGroup;
			children = (
				C92B00711A4D59010044FA8E /* WenluTests.m */,
				C92B006F1A4D59010044FA8E /* Supporting Files */,
			);
			path = WenluTests;
			sourceTree = "<group>";
		};
		C92B006F1A4D59010044FA8E /* Supporting Files */ = {
			isa = PBXGroup;
			children = (
				C92B00701A4D59010044FA8E /* Info.plist */,
			);
			name = "Supporting Files";
			sourceTree = "<group>";
		};
		C92B008A1A4D72600044FA8E /* ViewController */ = {
			isa = PBXGroup;
			children = (
				C92B007B1A4D5B0C0044FA8E /* MapCamViewController.h */,
				C92B007C1A4D5B0C0044FA8E /* MapCamViewController.m */,
				C92B007D1A4D5B0C0044FA8E /* MenuViewController.h */,
				C92B007E1A4D5B0C0044FA8E /* MenuViewController.m */,
				C92B00871A4D6FCF0044FA8E /* AVCamViewController.h */,
				C92B00881A4D6FCF0044FA8E /* AVCamViewController.m */,
				C92B00BC1A4FF6D40044FA8E /* Cell.h */,
				C92B00BD1A4FF6D40044FA8E /* Cell.m */,
			);
			name = ViewController;
			sourceTree = "<group>";
		};
		C92B008B1A4D727A0044FA8E /* View */ = {
			isa = PBXGroup;
			children = (
				C92B00811A4D5B310044FA8E /* AVCamPreviewView.h */,
				C92B00821A4D5B310044FA8E /* AVCamPreviewView.m */,
			);
			name = View;
			sourceTree = "<group>";
		};
		C92B008F1A4DB23D0044FA8E /* Model */ = {
			isa = PBXGroup;
			children = (
				C92B008C1A4DB22D0044FA8E /* SearchPOI.h */,
				C92B008D1A4DB22D0044FA8E /* SearchPOI.m */,
				C92B009B1A4FE15D0044FA8E /* PlaceOfInterest.h */,
				C92B009C1A4FE15D0044FA8E /* PlaceOfInterest.m */,
				C92B009E1A4FE1F90044FA8E /* ARView.h */,
				C92B009F1A4FE1F90044FA8E /* ARView.m */,
			);
			name = Model;
			sourceTree = "<group>";
		};
		C92B00901A4E9B690044FA8E /* Resource */ = {
			isa = PBXGroup;
			children = (
				C92B00911A4E9B690044FA8E /* location_no@2x.png */,
				C92B00921A4E9B690044FA8E /* location_yes@2x.png */,
				C92B00931A4E9B690044FA8E /* search@2x.png */,
			);
			path = Resource;
			sourceTree = "<group>";
		};
		C92B00A31A4FF0B80044FA8E /* Map_Pic */ = {
			isa = PBXGroup;
			children = (
				C92B00BA1A4FF1BE0044FA8E /* KTV.png */,
				C92B00B81A4FF1630044FA8E /* Market.png */,
				C92B00B61A4FF12B0044FA8E /* Hotel.png */,
				C92B00A11A4FEBC60044FA8E /* Restautant.png */,
				C92B00AC1A4FF0B80044FA8E /* events.plist */,
			);
			name = Map_Pic;
			path = Olympics_Pic;
			sourceTree = "<group>";
		};
		E447DA33EB0E34DB1EDB36D8 /* Frameworks */ = {
			isa = PBXGroup;
			children = (
				51E7CD53C8077C6D46177C3B /* libPods.a */,
			);
			name = Frameworks;
			sourceTree = "<group>";
		};
/* End PBXGroup section */

/* Begin PBXNativeTarget section */
		C92B00511A4D59010044FA8E /* Wenlu */ = {
			isa = PBXNativeTarget;
			buildConfigurationList = C92B00751A4D59010044FA8E /* Build configuration list for PBXNativeTarget "Wenlu" */;
			buildPhases = (
				A0BFA9F41BEEBF37D1334AB6 /* Check Pods Manifest.lock */,
				C92B004E1A4D59010044FA8E /* Sources */,
				C92B004F1A4D59010044FA8E /* Frameworks */,
				C92B00501A4D59010044FA8E /* Resources */,
				A22D575E83F3F859D13853FE /* Copy Pods Resources */,
			);
			buildRules = (
			);
			dependencies = (
			);
			name = Wenlu;
			productName = Wenlu;
			productReference = C92B00521A4D59010044FA8E /* Wenlu.app */;
			productType = "com.apple.product-type.application";
		};
		C92B006A1A4D59010044FA8E /* WenluTests */ = {
			isa = PBXNativeTarget;
			buildConfigurationList = C92B00781A4D59010044FA8E /* Build configuration list for PBXNativeTarget "WenluTests" */;
			buildPhases = (
				C92B00671A4D59010044FA8E /* Sources */,
				C92B00681A4D59010044FA8E /* Frameworks */,
				C92B00691A4D59010044FA8E /* Resources */,
			);
			buildRules = (
			);
			dependencies = (
				C92B006D1A4D59010044FA8E /* PBXTargetDependency */,
			);
			name = WenluTests;
			productName = WenluTests;
			productReference = C92B006B1A4D59010044FA8E /* WenluTests.xctest */;
			productType = "com.apple.product-type.bundle.unit-test";
		};
/* End PBXNativeTarget section */

/* Begin PBXProject section */
		C92B004A1A4D59010044FA8E /* Project object */ = {
			isa = PBXProject;
			attributes = {
				LastUpgradeCheck = 0610;
				ORGANIZATIONNAME = "Wang Zengdi";
				TargetAttributes = {
					C92B00511A4D59010044FA8E = {
						CreatedOnToolsVersion = 6.1;
					};
					C92B006A1A4D59010044FA8E = {
						CreatedOnToolsVersion = 6.1;
						TestTargetID = C92B00511A4D59010044FA8E;
					};
				};
			};
			buildConfigurationList = C92B004D1A4D59010044FA8E /* Build configuration list for PBXProject "Wenlu" */;
			compatibilityVersion = "Xcode 3.2";
			developmentRegion = English;
			hasScannedForEncodings = 0;
			knownRegions = (
				en,
				Base,
			);
			mainGroup = C92B00491A4D59010044FA8E;
			productRefGroup = C92B00531A4D59010044FA8E /* Products */;
			projectDirPath = "";
			projectRoot = "";
			targets = (
				C92B00511A4D59010044FA8E /* Wenlu */,
				C92B006A1A4D59010044FA8E /* WenluTests */,
			);
		};
/* End PBXProject section */

/* Begin PBXResourcesBuildPhase section */
		C92B00501A4D59010044FA8E /* Resources */ = {
			isa = PBXResourcesBuildPhase;
			buildActionMask = 2147483647;
			files = (
				C92B00961A4E9B690044FA8E /* search@2x.png in Resources */,
				C92B00A21A4FEBC60044FA8E /* Restautant.png in Resources */,
				C92B00941A4E9B690044FA8E /* location_no@2x.png in Resources */,
				C92B00B71A4FF12B0044FA8E /* Hotel.png in Resources */,
				C92B00951A4E9B690044FA8E /* location_yes@2x.png in Resources */,
				C92B00611A4D59010044FA8E /* Main.storyboard in Resources */,
				C92B00B51A4FF0B80044FA8E /* events.plist in Resources */,
				C92B00BB1A4FF1BE0044FA8E /* KTV.png in Resources */,
				C92B00661A4D59010044FA8E /* LaunchScreen.xib in Resources */,
				C92B00B91A4FF1630044FA8E /* Market.png in Resources */,
				C92B00631A4D59010044FA8E /* Images.xcassets in Resources */,
			);
			runOnlyForDeploymentPostprocessing = 0;
		};
		C92B00691A4D59010044FA8E /* Resources */ = {
			isa = PBXResourcesBuildPhase;
			buildActionMask = 2147483647;
			files = (
			);
			runOnlyForDeploymentPostprocessing = 0;
		};
/* End PBXResourcesBuildPhase section */

/* Begin PBXShellScriptBuildPhase section */
		A0BFA9F41BEEBF37D1334AB6 /* Check Pods Manifest.lock */ = {
			isa = PBXShellScriptBuildPhase;
			buildActionMask = 2147483647;
			files = (
			);
			inputPaths = (
			);
			name = "Check Pods Manifest.lock";
			outputPaths = (
			);
			runOnlyForDeploymentPostprocessing = 0;
			shellPath = /bin/sh;
			shellScript = "diff \"${PODS_ROOT}/../Podfile.lock\" \"${PODS_ROOT}/Manifest.lock\" > /dev/null\nif [[ $? != 0 ]] ; then\n    cat << EOM\nerror: The sandbox is not in sync with the Podfile.lock. Run 'pod install' or update your CocoaPods installation.\nEOM\n    exit 1\nfi\n";
			showEnvVarsInLog = 0;
		};
		A22D575E83F3F859D13853FE /* Copy Pods Resources */ = {
			isa = PBXShellScriptBuildPhase;
			buildActionMask = 2147483647;
			files = (
			);
			inputPaths = (
			);
			name = "Copy Pods Resources";
			outputPaths = (
			);
			runOnlyForDeploymentPostprocessing = 0;
			shellPath = /bin/sh;
			shellScript = "\"${SRCROOT}/Pods/Target Support Files/Pods/Pods-resources.sh\"\n";
			showEnvVarsInLog = 0;
		};
/* End PBXShellScriptBuildPhase section */

/* Begin PBXSourcesBuildPhase section */
		C92B004E1A4D59010044FA8E /* Sources */ = {
			isa = PBXSourcesBuildPhase;
			buildActionMask = 2147483647;
			files = (
				C92B005B1A4D59010044FA8E /* AppDelegate.m in Sources */,
				C92B00831A4D5B310044FA8E /* AVCamPreviewView.m in Sources */,
				C92B00A01A4FE1F90044FA8E /* ARView.m in Sources */,
				C92B00581A4D59010044FA8E /* main.m in Sources */,
				C92B007F1A4D5B0C0044FA8E /* MapCamViewController.m in Sources */,
				C92B00BE1A4FF6D40044FA8E /* Cell.m in Sources */,
				C92B009D1A4FE15D0044FA8E /* PlaceOfInterest.m in Sources */,
				C92B008E1A4DB22D0044FA8E /* SearchPOI.m in Sources */,
				C92B00891A4D6FCF0044FA8E /* AVCamViewController.m in Sources */,
				C92B00801A4D5B0C0044FA8E /* MenuViewController.m in Sources */,
			);
			runOnlyForDeploymentPostprocessing = 0;
		};
		C92B00671A4D59010044FA8E /* Sources */ = {
			isa = PBXSourcesBuildPhase;
			buildActionMask = 2147483647;
			files = (
				C92B00721A4D59010044FA8E /* WenluTests.m in Sources */,
			);
			runOnlyForDeploymentPostprocessing = 0;
		};
/* End PBXSourcesBuildPhase section */

/* Begin PBXTargetDependency section */
		C92B006D1A4D59010044FA8E /* PBXTargetDependency */ = {
			isa = PBXTargetDependency;
			target = C92B00511A4D59010044FA8E /* Wenlu */;
			targetProxy = C92B006C1A4D59010044FA8E /* PBXContainerItemProxy */;
		};
/* End PBXTargetDependency section */

/* Begin PBXVariantGroup section */
		C92B005F1A4D59010044FA8E /* Main.storyboard */ = {
			isa = PBXVariantGroup;
			children = (
				C92B00601A4D59010044FA8E /* Base */,
			);
			name = Main.storyboard;
			sourceTree = "<group>";
		};
		C92B00641A4D59010044FA8E /* LaunchScreen.xib */ = {
			isa = PBXVariantGroup;
			children = (
				C92B00651A4D59010044FA8E /* Base */,
			);
			name = LaunchScreen.xib;
			sourceTree = "<group>";
		};
/* End PBXVariantGroup section */

/* Begin XCBuildConfiguration section */
		C92B00731A4D59010044FA8E /* Debug */ = {
			isa = XCBuildConfiguration;
			buildSettings = {
				ALWAYS_SEARCH_USER_PATHS = NO;
				CLANG_CXX_LANGUAGE_STANDARD = "gnu++0x";
				CLANG_CXX_LIBRARY = "libc++";
				CLANG_ENABLE_MODULES = YES;
				CLANG_ENABLE_OBJC_ARC = YES;
				CLANG_WARN_BOOL_CONVERSION = YES;
				CLANG_WARN_CONSTANT_CONVERSION = YES;
				CLANG_WARN_DIRECT_OBJC_ISA_USAGE = YES_ERROR;
				CLANG_WARN_EMPTY_BODY = YES;
				CLANG_WARN_ENUM_CONVERSION = YES;
				CLANG_WARN_INT_CONVERSION = YES;
				CLANG_WARN_OBJC_ROOT_CLASS = YES_ERROR;
				CLANG_WARN_UNREACHABLE_CODE = YES;
				CLANG_WARN__DUPLICATE_METHOD_MATCH = YES;
				"CODE_SIGN_IDENTITY[sdk=iphoneos*]" = "iPhone Developer";
				COPY_PHASE_STRIP = NO;
				ENABLE_STRICT_OBJC_MSGSEND = YES;
				GCC_C_LANGUAGE_STANDARD = gnu99;
				GCC_DYNAMIC_NO_PIC = NO;
				GCC_OPTIMIZATION_LEVEL = 0;
				GCC_PREPROCESSOR_DEFINITIONS = (
					"DEBUG=1",
					"$(inherited)",
				);
				GCC_SYMBOLS_PRIVATE_EXTERN = NO;
				GCC_WARN_64_TO_32_BIT_CONVERSION = YES;
				GCC_WARN_ABOUT_RETURN_TYPE = YES_ERROR;
				GCC_WARN_UNDECLARED_SELECTOR = YES;
				GCC_WARN_UNINITIALIZED_AUTOS = YES_AGGRESSIVE;
				GCC_WARN_UNUSED_FUNCTION = YES;
				GCC_WARN_UNUSED_VARIABLE = YES;
				IPHONEOS_DEPLOYMENT_TARGET = 8.1;
				MTL_ENABLE_DEBUG_INFO = YES;
				ONLY_ACTIVE_ARCH = YES;
				SDKROOT = iphoneos;
				TARGETED_DEVICE_FAMILY = "1,2";
			};
			name = Debug;
		};
		C92B00741A4D59010044FA8E /* Release */ = {
			isa = XCBuildConfiguration;
			buildSettings = {
				ALWAYS_SEARCH_USER_PATHS = NO;
				CLANG_CXX_LANGUAGE_STANDARD = "gnu++0x";
				CLANG_CXX_LIBRARY = "libc++";
				CLANG_ENABLE_MODULES = YES;
				CLANG_ENABLE_OBJC_ARC = YES;
				CLANG_WARN_BOOL_CONVERSION = YES;
				CLANG_WARN_CONSTANT_CONVERSION = YES;
				CLANG_WARN_DIRECT_OBJC_ISA_USAGE = YES_ERROR;
				CLANG_WARN_EMPTY_BODY = YES;
				CLANG_WARN_ENUM_CONVERSION = YES;
				CLANG_WARN_INT_CONVERSION = YES;
				CLANG_WARN_OBJC_ROOT_CLASS = YES_ERROR;
				CLANG_WARN_UNREACHABLE_CODE = YES;
				CLANG_WARN__DUPLICATE_METHOD_MATCH = YES;
				"CODE_SIGN_IDENTITY[sdk=iphoneos*]" = "iPhone Developer";
				COPY_PHASE_STRIP = YES;
				ENABLE_NS_ASSERTIONS = NO;
				ENABLE_STRICT_OBJC_MSGSEND = YES;
				GCC_C_LANGUAGE_STANDARD = gnu99;
				GCC_WARN_64_TO_32_BIT_CONVERSION = YES;
				GCC_WARN_ABOUT_RETURN_TYPE = YES_ERROR;
				GCC_WARN_UNDECLARED_SELECTOR = YES;
				GCC_WARN_UNINITIALIZED_AUTOS = YES_AGGRESSIVE;
				GCC_WARN_UNUSED_FUNCTION = YES;
				GCC_WARN_UNUSED_VARIABLE = YES;
				IPHONEOS_DEPLOYMENT_TARGET = 8.1;
				MTL_ENABLE_DEBUG_INFO = NO;
				SDKROOT = iphoneos;
				TARGETED_DEVICE_FAMILY = "1,2";
				VALIDATE_PRODUCT = YES;
			};
			name = Release;
		};
		C92B00761A4D59010044FA8E /* Debug */ = {
			isa = XCBuildConfiguration;
			baseConfigurationReference = 6C47B9C19AD110A066445DCA /* Pods.debug.xcconfig */;
			buildSettings = {
				ASSETCATALOG_COMPILER_APPICON_NAME = AppIcon;
				INFOPLIST_FILE = Wenlu/Info.plist;
				LD_RUNPATH_SEARCH_PATHS = "$(inherited) @executable_path/Frameworks";
				PRODUCT_NAME = "$(TARGET_NAME)";
			};
			name = Debug;
		};
		C92B00771A4D59010044FA8E /* Release */ = {
			isa = XCBuildConfiguration;
			baseConfigurationReference = 41A01B22B536A28878D18501 /* Pods.release.xcconfig */;
			buildSettings = {
				ASSETCATALOG_COMPILER_APPICON_NAME = AppIcon;
				INFOPLIST_FILE = Wenlu/Info.plist;
				LD_RUNPATH_SEARCH_PATHS = "$(inherited) @executable_path/Frameworks";
				PRODUCT_NAME = "$(TARGET_NAME)";
			};
			name = Release;
		};
		C92B00791A4D59010044FA8E /* Debug */ = {
			isa = XCBuildConfiguration;
			buildSettings = {
				BUNDLE_LOADER = "$(TEST_HOST)";
				FRAMEWORK_SEARCH_PATHS = (
					"$(SDKROOT)/Developer/Library/Frameworks",
					"$(inherited)",
				);
				GCC_PREPROCESSOR_DEFINITIONS = (
					"DEBUG=1",
					"$(inherited)",
				);
				INFOPLIST_FILE = WenluTests/Info.plist;
				LD_RUNPATH_SEARCH_PATHS = "$(inherited) @executable_path/Frameworks @loader_path/Frameworks";
				PRODUCT_NAME = "$(TARGET_NAME)";
				TEST_HOST = "$(BUILT_PRODUCTS_DIR)/Wenlu.app/Wenlu";
			};
			name = Debug;
		};
		C92B007A1A4D59010044FA8E /* Release */ = {
			isa = XCBuildConfiguration;
			buildSettings = {
				BUNDLE_LOADER = "$(TEST_HOST)";
				FRAMEWORK_SEARCH_PATHS = (
					"$(SDKROOT)/Developer/Library/Frameworks",
					"$(inherited)",
				);
				INFOPLIST_FILE = WenluTests/Info.plist;
				LD_RUNPATH_SEARCH_PATHS = "$(inherited) @executable_path/Frameworks @loader_path/Frameworks";
				PRODUCT_NAME = "$(TARGET_NAME)";
				TEST_HOST = "$(BUILT_PRODUCTS_DIR)/Wenlu.app/Wenlu";
			};
			name = Release;
		};
/* End XCBuildConfiguration section */

/* Begin XCConfigurationList section */
		C92B004D1A4D59010044FA8E /* Build configuration list for PBXProject "Wenlu" */ = {
			isa = XCConfigurationList;
			buildConfigurations = (
				C92B00731A4D59010044FA8E /* Debug */,
				C92B00741A4D59010044FA8E /* Release */,
			);
			defaultConfigurationIsVisible = 0;
			defaultConfigurationName = Release;
		};
		C92B00751A4D59010044FA8E /* Build configuration list for PBXNativeTarget "Wenlu" */ = {
			isa = XCConfigurationList;
			buildConfigurations = (
				C92B00761A4D59010044FA8E /* Debug */,
				C92B00771A4D59010044FA8E /* Release */,
			);
			defaultConfigurationIsVisible = 0;
			defaultConfigurationName = Release;
		};
		C92B00781A4D59010044FA8E /* Build configuration list for PBXNativeTarget "WenluTests" */ = {
			isa = XCConfigurationList;
			buildConfigurations = (
				C92B00791A4D59010044FA8E /* Debug */,
				C92B007A1A4D59010044FA8E /* Release */,
			);
			defaultConfigurationIsVisible = 0;
			defaultConfigurationName = Release;
		};
/* End XCConfigurationList section */
	};
	rootObject = C92B004A1A4D59010044FA8E /* Project object */;
}
